// !$*UTF8*$!
{
	archiveVersion = 1;
	classes = {
	};
	objectVersion = 50;
	objects = {

/* Begin PBXBuildFile section */
		6E96615A2437BECA0078F675 /* AppDelegate.swift in Sources */ = {isa = PBXBuildFile; fileRef = 6E9661592437BECA0078F675 /* AppDelegate.swift */; };
		6E96615C2437BECA0078F675 /* SceneDelegate.swift in Sources */ = {isa = PBXBuildFile; fileRef = 6E96615B2437BECA0078F675 /* SceneDelegate.swift */; };
		6E96615E2437BECA0078F675 /* ContentView.swift in Sources */ = {isa = PBXBuildFile; fileRef = 6E96615D2437BECA0078F675 /* ContentView.swift */; };
		6E9661602437BECF0078F675 /* Assets.xcassets in Resources */ = {isa = PBXBuildFile; fileRef = 6E96615F2437BECF0078F675 /* Assets.xcassets */; };
		6E9661632437BECF0078F675 /* Preview Assets.xcassets in Resources */ = {isa = PBXBuildFile; fileRef = 6E9661622437BECF0078F675 /* Preview Assets.xcassets */; };
		6E9661662437BECF0078F675 /* LaunchScreen.storyboard in Resources */ = {isa = PBXBuildFile; fileRef = 6E9661642437BECF0078F675 /* LaunchScreen.storyboard */; };
		6E9661712437BECF0078F675 /* CRUD_appTests.swift in Sources */ = {isa = PBXBuildFile; fileRef = 6E9661702437BECF0078F675 /* CRUD_appTests.swift */; };
		6E96617C2437BECF0078F675 /* CRUD_appUITests.swift in Sources */ = {isa = PBXBuildFile; fileRef = 6E96617B2437BECF0078F675 /* CRUD_appUITests.swift */; };
		6E96618A2437C0790078F675 /* Employee.swift in Sources */ = {isa = PBXBuildFile; fileRef = 6E9661892437C0790078F675 /* Employee.swift */; };
		6E96618C2437CAB00078F675 /* API.swift in Sources */ = {isa = PBXBuildFile; fileRef = 6E96618B2437CAB00078F675 /* API.swift */; };
/* End PBXBuildFile section */

/* Begin PBXContainerItemProxy section */
		6E96616D2437BECF0078F675 /* PBXContainerItemProxy */ = {
			isa = PBXContainerItemProxy;
			containerPortal = 6E96614E2437BECA0078F675 /* Project object */;
			proxyType = 1;
			remoteGlobalIDString = 6E9661552437BECA0078F675;
			remoteInfo = "CRUD app";
		};
		6E9661782437BECF0078F675 /* PBXContainerItemProxy */ = {
			isa = PBXContainerItemProxy;
			containerPortal = 6E96614E2437BECA0078F675 /* Project object */;
			proxyType = 1;
			remoteGlobalIDString = 6E9661552437BECA0078F675;
			remoteInfo = "CRUD app";
		};
/* End PBXContainerItemProxy section */

/* Begin PBXFileReference section */
		6E9661562437BECA0078F675 /* CRUD app.app */ = {isa = PBXFileReference; explicitFileType = wrapper.application; includeInIndex = 0; path = "CRUD app.app"; sourceTree = BUILT_PRODUCTS_DIR; };
		6E9661592437BECA0078F675 /* AppDelegate.swift */ = {isa = PBXFileReference; lastKnownFileType = sourcecode.swift; path = AppDelegate.swift; sourceTree = "<group>"; };
		6E96615B2437BECA0078F675 /* SceneDelegate.swift */ = {isa = PBXFileReference; lastKnownFileType = sourcecode.swift; path = SceneDelegate.swift; sourceTree = "<group>"; };
		6E96615D2437BECA0078F675 /* ContentView.swift */ = {isa = PBXFileReference; lastKnownFileType = sourcecode.swift; path = ContentView.swift; sourceTree = "<group>"; };
		6E96615F2437BECF0078F675 /* Assets.xcassets */ = {isa = PBXFileReference; lastKnownFileType = folder.assetcatalog; path = Assets.xcassets; sourceTree = "<group>"; };
		6E9661622437BECF0078F675 /* Preview Assets.xcassets */ = {isa = PBXFileReference; lastKnownFileType = folder.assetcatalog; path = "Preview Assets.xcassets"; sourceTree = "<group>"; };
		6E9661652437BECF0078F675 /* Base */ = {isa = PBXFileReference; lastKnownFileType = file.storyboard; name = Base; path = Base.lproj/LaunchScreen.storyboard; sourceTree = "<group>"; };
		6E9661672437BECF0078F675 /* Info.plist */ = {isa = PBXFileReference; lastKnownFileType = text.plist.xml; path = Info.plist; sourceTree = "<group>"; };
		6E96616C2437BECF0078F675 /* CRUD appTests.xctest */ = {isa = PBXFileReference; explicitFileType = wrapper.cfbundle; includeInIndex = 0; path = "CRUD appTests.xctest"; sourceTree = BUILT_PRODUCTS_DIR; };
		6E9661702437BECF0078F675 /* CRUD_appTests.swift */ = {isa = PBXFileReference; lastKnownFileType = sourcecode.swift; path = CRUD_appTests.swift; sourceTree = "<group>"; };
		6E9661722437BECF0078F675 /* Info.plist */ = {isa = PBXFileReference; lastKnownFileType = text.plist.xml; path = Info.plist; sourceTree = "<group>"; };
		6E9661772437BECF0078F675 /* CRUD appUITests.xctest */ = {isa = PBXFileReference; explicitFileType = wrapper.cfbundle; includeInIndex = 0; path = "CRUD appUITests.xctest"; sourceTree = BUILT_PRODUCTS_DIR; };
		6E96617B2437BECF0078F675 /* CRUD_appUITests.swift */ = {isa = PBXFileReference; lastKnownFileType = sourcecode.swift; path = CRUD_appUITests.swift; sourceTree = "<group>"; };
		6E96617D2437BECF0078F675 /* Info.plist */ = {isa = PBXFileReference; lastKnownFileType = text.plist.xml; path = Info.plist; sourceTree = "<group>"; };
		6E9661892437C0790078F675 /* Employee.swift */ = {isa = PBXFileReference; lastKnownFileType = sourcecode.swift; path = Employee.swift; sourceTree = "<group>"; };
		6E96618B2437CAB00078F675 /* API.swift */ = {isa = PBXFileReference; lastKnownFileType = sourcecode.swift; path = API.swift; sourceTree = "<group>"; };
/* End PBXFileReference section */

/* Begin PBXFrameworksBuildPhase section */
		6E9661532437BECA0078F675 /* Frameworks */ = {
			isa = PBXFrameworksBuildPhase;
			buildActionMask = 2147483647;
			files = (
			);
			runOnlyForDeploymentPostprocessing = 0;
		};
		6E9661692437BECF0078F675 /* Frameworks */ = {
			isa = PBXFrameworksBuildPhase;
			buildActionMask = 2147483647;
			files = (
			);
			runOnlyForDeploymentPostprocessing = 0;
		};
		6E9661742437BECF0078F675 /* Frameworks */ = {
			isa = PBXFrameworksBuildPhase;
			buildActionMask = 2147483647;
			files = (
			);
			runOnlyForDeploymentPostprocessing = 0;
		};
/* End PBXFrameworksBuildPhase section */

/* Begin PBXGroup section */
		6E96614D2437BECA0078F675 = {
			isa = PBXGroup;
			children = (
				6E9661582437BECA0078F675 /* CRUD app */,
				6E96616F2437BECF0078F675 /* CRUD appTests */,
				6E96617A2437BECF0078F675 /* CRUD appUITests */,
				6E9661572437BECA0078F675 /* Products */,
			);
			sourceTree = "<group>";
		};
		6E9661572437BECA0078F675 /* Products */ = {
			isa = PBXGroup;
			children = (
				6E9661562437BECA0078F675 /* CRUD app.app */,
				6E96616C2437BECF0078F675 /* CRUD appTests.xctest */,
				6E9661772437BECF0078F675 /* CRUD appUITests.xctest */,
			);
			name = Products;
			sourceTree = "<group>";
		};
		6E9661582437BECA0078F675 /* CRUD app */ = {
			isa = PBXGroup;
			children = (
				6E9661592437BECA0078F675 /* AppDelegate.swift */,
				6E96615B2437BECA0078F675 /* SceneDelegate.swift */,
				6E96615D2437BECA0078F675 /* ContentView.swift */,
				6E96615F2437BECF0078F675 /* Assets.xcassets */,
				6E9661642437BECF0078F675 /* LaunchScreen.storyboard */,
				6E9661892437C0790078F675 /* Employee.swift */,
				6E9661672437BECF0078F675 /* Info.plist */,
				6E9661612437BECF0078F675 /* Preview Content */,
				6E96618B2437CAB00078F675 /* API.swift */,
			);
			path = "CRUD app";
			sourceTree = "<group>";
		};
		6E9661612437BECF0078F675 /* Preview Content */ = {
			isa = PBXGroup;
			children = (
				6E9661622437BECF0078F675 /* Preview Assets.xcassets */,
			);
			path = "Preview Content";
			sourceTree = "<group>";
		};
		6E96616F2437BECF0078F675 /* CRUD appTests */ = {
			isa = PBXGroup;
			children = (
				6E9661702437BECF0078F675 /* CRUD_appTests.swift */,
				6E9661722437BECF0078F675 /* Info.plist */,
			);
			path = "CRUD appTests";
			sourceTree = "<group>";
		};
		6E96617A2437BECF0078F675 /* CRUD appUITests */ = {
			isa = PBXGroup;
			children = (
				6E96617B2437BECF0078F675 /* CRUD_appUITests.swift */,
				6E96617D2437BECF0078F675 /* Info.plist */,
			);
			path = "CRUD appUITests";
			sourceTree = "<group>";
		};
/* End PBXGroup section */

/* Begin PBXNativeTarget section */
		6E9661552437BECA0078F675 /* CRUD app */ = {
			isa = PBXNativeTarget;
			buildConfigurationList = 6E9661802437BECF0078F675 /* Build configuration list for PBXNativeTarget "CRUD app" */;
			buildPhases = (
				6E9661522437BECA0078F675 /* Sources */,
				6E9661532437BECA0078F675 /* Frameworks */,
				6E9661542437BECA0078F675 /* Resources */,
			);
			buildRules = (
			);
			dependencies = (
			);
			name = "CRUD app";
			productName = "CRUD app";
			productReference = 6E9661562437BECA0078F675 /* CRUD app.app */;
			productType = "com.apple.product-type.application";
		};
		6E96616B2437BECF0078F675 /* CRUD appTests */ = {
			isa = PBXNativeTarget;
			buildConfigurationList = 6E9661832437BECF0078F675 /* Build configuration list for PBXNativeTarget "CRUD appTests" */;
			buildPhases = (
				6E9661682437BECF0078F675 /* Sources */,
				6E9661692437BECF0078F675 /* Frameworks */,
				6E96616A2437BECF0078F675 /* Resources */,
			);
			buildRules = (
			);
			dependencies = (
				6E96616E2437BECF0078F675 /* PBXTargetDependency */,
			);
			name = "CRUD appTests";
			productName = "CRUD appTests";
			productReference = 6E96616C2437BECF0078F675 /* CRUD appTests.xctest */;
			productType = "com.apple.product-type.bundle.unit-test";
		};
		6E9661762437BECF0078F675 /* CRUD appUITests */ = {
			isa = PBXNativeTarget;
			buildConfigurationList = 6E9661862437BECF0078F675 /* Build configuration list for PBXNativeTarget "CRUD appUITests" */;
			buildPhases = (
				6E9661732437BECF0078F675 /* Sources */,
				6E9661742437BECF0078F675 /* Frameworks */,
				6E9661752437BECF0078F675 /* Resources */,
			);
			buildRules = (
			);
			dependencies = (
				6E9661792437BECF0078F675 /* PBXTargetDependency */,
			);
			name = "CRUD appUITests";
			productName = "CRUD appUITests";
			productReference = 6E9661772437BECF0078F675 /* CRUD appUITests.xctest */;
			productType = "com.apple.product-type.bundle.ui-testing";
		};
/* End PBXNativeTarget section */

/* Begin PBXProject section */
		6E96614E2437BECA0078F675 /* Project object */ = {
			isa = PBXProject;
			attributes = {
				LastSwiftUpdateCheck = 1140;
				LastUpgradeCheck = 1140;
				ORGANIZATIONNAME = "Prateek Surana";
				TargetAttributes = {
					6E9661552437BECA0078F675 = {
						CreatedOnToolsVersion = 11.4;
					};
					6E96616B2437BECF0078F675 = {
						CreatedOnToolsVersion = 11.4;
						TestTargetID = 6E9661552437BECA0078F675;
					};
					6E9661762437BECF0078F675 = {
						CreatedOnToolsVersion = 11.4;
						TestTargetID = 6E9661552437BECA0078F675;
					};
				};
			};
			buildConfigurationList = 6E9661512437BECA0078F675 /* Build configuration list for PBXProject "CRUD app" */;
			compatibilityVersion = "Xcode 9.3";
			developmentRegion = en;
			hasScannedForEncodings = 0;
			knownRegions = (
				en,
				Base,
			);
			mainGroup = 6E96614D2437BECA0078F675;
			productRefGroup = 6E9661572437BECA0078F675 /* Products */;
			projectDirPath = "";
			projectRoot = "";
			targets = (
				6E9661552437BECA0078F675 /* CRUD app */,
				6E96616B2437BECF0078F675 /* CRUD appTests */,
				6E9661762437BECF0078F675 /* CRUD appUITests */,
			);
		};
/* End PBXProject section */

/* Begin PBXResourcesBuildPhase section */
		6E9661542437BECA0078F675 /* Resources */ = {
			isa = PBXResourcesBuildPhase;
			buildActionMask = 2147483647;
			files = (
				6E9661662437BECF0078F675 /* LaunchScreen.storyboard in Resources */,
				6E9661632437BECF0078F675 /* Preview Assets.xcassets in Resources */,
				6E9661602437BECF0078F675 /* Assets.xcassets in Resources */,
			);
			runOnlyForDeploymentPostprocessing = 0;
		};
		6E96616A2437BECF0078F675 /* Resources */ = {
			isa = PBXResourcesBuildPhase;
			buildActionMask = 2147483647;
			files = (
			);
			runOnlyForDeploymentPostprocessing = 0;
		};
		6E9661752437BECF0078F675 /* Resources */ = {
			isa = PBXResourcesBuildPhase;
			buildActionMask = 2147483647;
			files = (
			);
			runOnlyForDeploymentPostprocessing = 0;
		};
/* End PBXResourcesBuildPhase section */

/* Begin PBXSourcesBuildPhase section */
		6E9661522437BECA0078F675 /* Sources */ = {
			isa = PBXSourcesBuildPhase;
			buildActionMask = 2147483647;
			files = (
				6E96618A2437C0790078F675 /* Employee.swift in Sources */,
				6E96615A2437BECA0078F675 /* AppDelegate.swift in Sources */,
				6E96615C2437BECA0078F675 /* SceneDelegate.swift in Sources */,
				6E96615E2437BECA0078F675 /* ContentView.swift in Sources */,
				6E96618C2437CAB00078F675 /* API.swift in Sources */,
			);
			runOnlyForDeploymentPostprocessing = 0;
		};
		6E9661682437BECF0078F675 /* Sources */ = {
			isa = PBXSourcesBuildPhase;
			buildActionMask = 2147483647;
			files = (
				6E9661712437BECF0078F675 /* CRUD_appTests.swift in Sources */,
			);
			runOnlyForDeploymentPostprocessing = 0;
		};
		6E9661732437BECF0078F675 /* Sources */ = {
			isa = PBXSourcesBuildPhase;
			buildActionMask = 2147483647;
			files = (
				6E96617C2437BECF0078F675 /* CRUD_appUITests.swift in Sources */,
			);
			runOnlyForDeploymentPostprocessing = 0;
		};
/* End PBXSourcesBuildPhase section */

/* Begin PBXTargetDependency section */
		6E96616E2437BECF0078F675 /* PBXTargetDependency */ = {
			isa = PBXTargetDependency;
			target = 6E9661552437BECA0078F675 /* CRUD app */;
			targetProxy = 6E96616D2437BECF0078F675 /* PBXContainerItemProxy */;
		};
		6E9661792437BECF0078F675 /* PBXTargetDependency */ = {
			isa = PBXTargetDependency;
			target = 6E9661552437BECA0078F675 /* CRUD app */;
			targetProxy = 6E9661782437BECF0078F675 /* PBXContainerItemProxy */;
		};
/* End PBXTargetDependency section */

/* Begin PBXVariantGroup section */
		6E9661642437BECF0078F675 /* LaunchScreen.storyboard */ = {
			isa = PBXVariantGroup;
			children = (
				6E9661652437BECF0078F675 /* Base */,
			);
			name = LaunchScreen.storyboard;
			sourceTree = "<group>";
		};
/* End PBXVariantGroup section */

/* Begin XCBuildConfiguration section */
		6E96617E2437BECF0078F675 /* Debug */ = {
			isa = XCBuildConfiguration;
			buildSettings = {
				ALWAYS_SEARCH_USER_PATHS = NO;
				CLANG_ANALYZER_NONNULL = YES;
				CLANG_ANALYZER_NUMBER_OBJECT_CONVERSION = YES_AGGRESSIVE;
				CLANG_CXX_LANGUAGE_STANDARD = "gnu++14";
				CLANG_CXX_LIBRARY = "libc++";
				CLANG_ENABLE_MODULES = YES;
				CLANG_ENABLE_OBJC_ARC = YES;
				CLANG_ENABLE_OBJC_WEAK = YES;
				CLANG_WARN_BLOCK_CAPTURE_AUTORELEASING = YES;
				CLANG_WARN_BOOL_CONVERSION = YES;
				CLANG_WARN_COMMA = YES;
				CLANG_WARN_CONSTANT_CONVERSION = YES;
				CLANG_WARN_DEPRECATED_OBJC_IMPLEMENTATIONS = YES;
				CLANG_WARN_DIRECT_OBJC_ISA_USAGE = YES_ERROR;
				CLANG_WARN_DOCUMENTATION_COMMENTS = YES;
				CLANG_WARN_EMPTY_BODY = YES;
				CLANG_WARN_ENUM_CONVERSION = YES;
				CLANG_WARN_INFINITE_RECURSION = YES;
				CLANG_WARN_INT_CONVERSION = YES;
				CLANG_WARN_NON_LITERAL_NULL_CONVERSION = YES;
				CLANG_WARN_OBJC_IMPLICIT_RETAIN_SELF = YES;
				CLANG_WARN_OBJC_LITERAL_CONVERSION = YES;
				CLANG_WARN_OBJC_ROOT_CLASS = YES_ERROR;
				CLANG_WARN_RANGE_LOOP_ANALYSIS = YES;
				CLANG_WARN_STRICT_PROTOTYPES = YES;
				CLANG_WARN_SUSPICIOUS_MOVE = YES;
				CLANG_WARN_UNGUARDED_AVAILABILITY = YES_AGGRESSIVE;
				CLANG_WARN_UNREACHABLE_CODE = YES;
				CLANG_WARN__DUPLICATE_METHOD_MATCH = YES;
				COPY_PHASE_STRIP = NO;
				DEBUG_INFORMATION_FORMAT = dwarf;
				ENABLE_STRICT_OBJC_MSGSEND = YES;
				ENABLE_TESTABILITY = YES;
				GCC_C_LANGUAGE_STANDARD = gnu11;
				GCC_DYNAMIC_NO_PIC = NO;
				GCC_NO_COMMON_BLOCKS = YES;
				GCC_OPTIMIZATION_LEVEL = 0;
				GCC_PREPROCESSOR_DEFINITIONS = (
					"DEBUG=1",
					"$(inherited)",
				);
				GCC_WARN_64_TO_32_BIT_CONVERSION = YES;
				GCC_WARN_ABOUT_RETURN_TYPE = YES_ERROR;
				GCC_WARN_UNDECLARED_SELECTOR = YES;
				GCC_WARN_UNINITIALIZED_AUTOS = YES_AGGRESSIVE;
				GCC_WARN_UNUSED_FUNCTION = YES;
				GCC_WARN_UNUSED_VARIABLE = YES;
				IPHONEOS_DEPLOYMENT_TARGET = 13.4;
				MTL_ENABLE_DEBUG_INFO = INCLUDE_SOURCE;
				MTL_FAST_MATH = YES;
				ONLY_ACTIVE_ARCH = YES;
				SDKROOT = iphoneos;
				SWIFT_ACTIVE_COMPILATION_CONDITIONS = DEBUG;
				SWIFT_OPTIMIZATION_LEVEL = "-Onone";
			};
			name = Debug;
		};
		6E96617F2437BECF0078F675 /* Release */ = {
			isa = XCBuildConfiguration;
			buildSettings = {
				ALWAYS_SEARCH_USER_PATHS = NO;
				CLANG_ANALYZER_NONNULL = YES;
				CLANG_ANALYZER_NUMBER_OBJECT_CONVERSION = YES_AGGRESSIVE;
				CLANG_CXX_LANGUAGE_STANDARD = "gnu++14";
				CLANG_CXX_LIBRARY = "libc++";
				CLANG_ENABLE_MODULES = YES;
				CLANG_ENABLE_OBJC_ARC = YES;
				CLANG_ENABLE_OBJC_WEAK = YES;
				CLANG_WARN_BLOCK_CAPTURE_AUTORELEASING = YES;
				CLANG_WARN_BOOL_CONVERSION = YES;
				CLANG_WARN_COMMA = YES;
				CLANG_WARN_CONSTANT_CONVERSION = YES;
				CLANG_WARN_DEPRECATED_OBJC_IMPLEMENTATIONS = YES;
				CLANG_WARN_DIRECT_OBJC_ISA_USAGE = YES_ERROR;
				CLANG_WARN_DOCUMENTATION_COMMENTS = YES;
				CLANG_WARN_EMPTY_BODY = YES;
				CLANG_WARN_ENUM_CONVERSION = YES;
				CLANG_WARN_INFINITE_RECURSION = YES;
				CLANG_WARN_INT_CONVERSION = YES;
				CLANG_WARN_NON_LITERAL_NULL_CONVERSION = YES;
				CLANG_WARN_OBJC_IMPLICIT_RETAIN_SELF = YES;
				CLANG_WARN_OBJC_LITERAL_CONVERSION = YES;
				CLANG_WARN_OBJC_ROOT_CLASS = YES_ERROR;
				CLANG_WARN_RANGE_LOOP_ANALYSIS = YES;
				CLANG_WARN_STRICT_PROTOTYPES = YES;
				CLANG_WARN_SUSPICIOUS_MOVE = YES;
				CLANG_WARN_UNGUARDED_AVAILABILITY = YES_AGGRESSIVE;
				CLANG_WARN_UNREACHABLE_CODE = YES;
				CLANG_WARN__DUPLICATE_METHOD_MATCH = YES;
				COPY_PHASE_STRIP = NO;
				DEBUG_INFORMATION_FORMAT = "dwarf-with-dsym";
				ENABLE_NS_ASSERTIONS = NO;
				ENABLE_STRICT_OBJC_MSGSEND = YES;
				GCC_C_LANGUAGE_STANDARD = gnu11;
				GCC_NO_COMMON_BLOCKS = YES;
				GCC_WARN_64_TO_32_BIT_CONVERSION = YES;
				GCC_WARN_ABOUT_RETURN_TYPE = YES_ERROR;
				GCC_WARN_UNDECLARED_SELECTOR = YES;
				GCC_WARN_UNINITIALIZED_AUTOS = YES_AGGRESSIVE;
				GCC_WARN_UNUSED_FUNCTION = YES;
				GCC_WARN_UNUSED_VARIABLE = YES;
				IPHONEOS_DEPLOYMENT_TARGET = 13.4;
				MTL_ENABLE_DEBUG_INFO = NO;
				MTL_FAST_MATH = YES;
				SDKROOT = iphoneos;
				SWIFT_COMPILATION_MODE = wholemodule;
				SWIFT_OPTIMIZATION_LEVEL = "-O";
				VALIDATE_PRODUCT = YES;
			};
			name = Release;
		};
		6E9661812437BECF0078F675 /* Debug */ = {
			isa = XCBuildConfiguration;
			buildSettings = {
				ASSETCATALOG_COMPILER_APPICON_NAME = AppIcon;
				CODE_SIGN_STYLE = Automatic;
				DEVELOPMENT_ASSET_PATHS = "\"CRUD app/Preview Content\"";
				DEVELOPMENT_TEAM = Q69N9KX4MZ;
				ENABLE_PREVIEWS = YES;
				INFOPLIST_FILE = "CRUD app/Info.plist";
				LD_RUNPATH_SEARCH_PATHS = (
					"$(inherited)",
					"@executable_path/Frameworks",
				);
				PRODUCT_BUNDLE_IDENTIFIER = "com.prateek.fold.CRUD-app";
				PRODUCT_NAME = "$(TARGET_NAME)";
				SWIFT_VERSION = 5.0;
				TARGETED_DEVICE_FAMILY = "1,2";
			};
			name = Debug;
		};
		6E9661822437BECF0078F675 /* Release */ = {
			isa = XCBuildConfiguration;
			buildSettings = {
				ASSETCATALOG_COMPILER_APPICON_NAME = AppIcon;
				CODE_SIGN_STYLE = Automatic;
				DEVELOPMENT_ASSET_PATHS = "\"CRUD app/Preview Content\"";
				DEVELOPMENT_TEAM = Q69N9KX4MZ;
				ENABLE_PREVIEWS = YES;
				INFOPLIST_FILE = "CRUD app/Info.plist";
				LD_RUNPATH_SEARCH_PATHS = (
					"$(inherited)",
					"@executable_path/Frameworks",
				);
				PRODUCT_BUNDLE_IDENTIFIER = "com.prateek.fold.CRUD-app";
				PRODUCT_NAME = "$(TARGET_NAME)";
				SWIFT_VERSION = 5.0;
				TARGETED_DEVICE_FAMILY = "1,2";
			};
			name = Release;
		};
		6E9661842437BECF0078F675 /* Debug */ = {
			isa = XCBuildConfiguration;
			buildSettings = {
				ALWAYS_EMBED_SWIFT_STANDARD_LIBRARIES = YES;
				BUNDLE_LOADER = "$(TEST_HOST)";
				CODE_SIGN_STYLE = Automatic;
				DEVELOPMENT_TEAM = Q69N9KX4MZ;
				INFOPLIST_FILE = "CRUD appTests/Info.plist";
				IPHONEOS_DEPLOYMENT_TARGET = 13.4;
				LD_RUNPATH_SEARCH_PATHS = (
					"$(inherited)",
					"@executable_path/Frameworks",
					"@loader_path/Frameworks",
				);
				PRODUCT_BUNDLE_IDENTIFIER = "com.prateek.fold.CRUD-appTests";
				PRODUCT_NAME = "$(TARGET_NAME)";
				SWIFT_VERSION = 5.0;
				TARGETED_DEVICE_FAMILY = "1,2";
				TEST_HOST = "$(BUILT_PRODUCTS_DIR)/CRUD app.app/CRUD app";
			};
			name = Debug;
		};
		6E9661852437BECF0078F675 /* Release */ = {
			isa = XCBuildConfiguration;
			buildSettings = {
				ALWAYS_EMBED_SWIFT_STANDARD_LIBRARIES = YES;
				BUNDLE_LOADER = "$(TEST_HOST)";
				CODE_SIGN_STYLE = Automatic;
				DEVELOPMENT_TEAM = Q69N9KX4MZ;
				INFOPLIST_FILE = "CRUD appTests/Info.plist";
				IPHONEOS_DEPLOYMENT_TARGET = 13.4;
				LD_RUNPATH_SEARCH_PATHS = (
					"$(inherited)",
					"@executable_path/Frameworks",
					"@loader_path/Frameworks",
				);
				PRODUCT_BUNDLE_IDENTIFIER = "com.prateek.fold.CRUD-appTests";
				PRODUCT_NAME = "$(TARGET_NAME)";
				SWIFT_VERSION = 5.0;
				TARGETED_DEVICE_FAMILY = "1,2";
				TEST_HOST = "$(BUILT_PRODUCTS_DIR)/CRUD app.app/CRUD app";
			};
			name = Release;
		};
		6E9661872437BECF0078F675 /* Debug */ = {
			isa = XCBuildConfiguration;
			buildSettings = {
				ALWAYS_EMBED_SWIFT_STANDARD_LIBRARIES = YES;
				CODE_SIGN_STYLE = Automatic;
				DEVELOPMENT_TEAM = Q69N9KX4MZ;
				INFOPLIST_FILE = "CRUD appUITests/Info.plist";
				LD_RUNPATH_SEARCH_PATHS = (
					"$(inherited)",
					"@executable_path/Frameworks",
					"@loader_path/Frameworks",
				);
				PRODUCT_BUNDLE_IDENTIFIER = "com.prateek.fold.CRUD-appUITests";
				PRODUCT_NAME = "$(TARGET_NAME)";
				SWIFT_VERSION = 5.0;
				TARGETED_DEVICE_FAMILY = "1,2";
				TEST_TARGET_NAME = "CRUD app";
			};
			name = Debug;
		};
		6E9661882437BECF0078F675 /* Release */ = {
			isa = XCBuildConfiguration;
			buildSettings = {
				ALWAYS_EMBED_SWIFT_STANDARD_LIBRARIES = YES;
				CODE_SIGN_STYLE = Automatic;
				DEVELOPMENT_TEAM = Q69N9KX4MZ;
				INFOPLIST_FILE = "CRUD appUITests/Info.plist";
				LD_RUNPATH_SEARCH_PATHS = (
					"$(inherited)",
					"@executable_path/Frameworks",
					"@loader_path/Frameworks",
				);
				PRODUCT_BUNDLE_IDENTIFIER = "com.prateek.fold.CRUD-appUITests";
				PRODUCT_NAME = "$(TARGET_NAME)";
				SWIFT_VERSION = 5.0;
				TARGETED_DEVICE_FAMILY = "1,2";
				TEST_TARGET_NAME = "CRUD app";
			};
			name = Release;
		};
/* End XCBuildConfiguration section */

/* Begin XCConfigurationList section */
		6E9661512437BECA0078F675 /* Build configuration list for PBXProject "CRUD app" */ = {
			isa = XCConfigurationList;
			buildConfigurations = (
				6E96617E2437BECF0078F675 /* Debug */,
				6E96617F2437BECF0078F675 /* Release */,
			);
			defaultConfigurationIsVisible = 0;
			defaultConfigurationName = Release;
		};
		6E9661802437BECF0078F675 /* Build configuration list for PBXNativeTarget "CRUD app" */ = {
			isa = XCConfigurationList;
			buildConfigurations = (
				6E9661812437BECF0078F675 /* Debug */,
				6E9661822437BECF0078F675 /* Release */,
			);
			defaultConfigurationIsVisible = 0;
			defaultConfigurationName = Release;
		};
		6E9661832437BECF0078F675 /* Build configuration list for PBXNativeTarget "CRUD appTests" */ = {
			isa = XCConfigurationList;
			buildConfigurations = (
				6E9661842437BECF0078F675 /* Debug */,
				6E9661852437BECF0078F675 /* Release */,
			);
			defaultConfigurationIsVisible = 0;
			defaultConfigurationName = Release;
		};
		6E9661862437BECF0078F675 /* Build configuration list for PBXNativeTarget "CRUD appUITests" */ = {
			isa = XCConfigurationList;
			buildConfigurations = (
				6E9661872437BECF0078F675 /* Debug */,
				6E9661882437BECF0078F675 /* Release */,
			);
			defaultConfigurationIsVisible = 0;
			defaultConfigurationName = Release;
		};
/* End XCConfigurationList section */
	};
	rootObject = 6E96614E2437BECA0078F675 /* Project object */;
}
